# This file is automatically @generated by Cargo.
# It is not intended for manual editing.
version = 4

[[package]]
name = "canopy-core"
version = "0.0.0"
dependencies = [
 "canopy-protocol",
]

[[package]]
name = "canopy-dom"
version = "0.0.0"
dependencies = [
 "canopy-core",
 "canopy-protocol",
 "canopy-traits",
]

[[package]]
name = "canopy-protocol"
version = "0.0.0"

[[package]]
name = "canopy-signals"
version = "0.0.0"

[[package]]
name = "canopy-traits"
version = "0.0.0"
dependencies = [
 "canopy-protocol",
]

[[package]]
name = "canopy-view"
version = "0.0.0"
dependencies = [
 "canopy-core",
 "canopy-dom",
 "canopy-protocol",
 "canopy-signals",
 "canopy-traits",
]
