# This file is automatically @generated by Cargo.
# It is not intended for manual editing.
version = 4

[[package]]
name = "canopy-core"
version = "0.0.0"
dependencies = [
 "canopy-protocol",
]

[[package]]
name = "canopy-dom"
version = "0.0.0"
dependencies = [
 "canopy-protocol",
 "canopy-traits",
]

[[package]]
name = "canopy-lite-embedded"
version = "0.0.0"
dependencies = [
 "canopy-core",
 "canopy-dom",
 "canopy-paint",
 "canopy-protocol",
 "canopy-render-soft",
 "canopy-traits",
]

[[package]]
name = "canopy-paint"
version = "0.0.0"
dependencies = [
 "canopy-dom",
 "canopy-protocol",
 "canopy-traits",
]

[[package]]
name = "canopy-protocol"
version = "0.0.0"

[[package]]
name = "canopy-render-soft"
version = "0.0.0"
dependencies = [
 "canopy-text-baked",
 "canopy-traits",
]

[[package]]
name = "canopy-text-baked"
version = "0.0.0"

[[package]]
name = "canopy-traits"
version = "0.0.0"
dependencies = [
 "canopy-protocol",
]
